
Microsoft Visual Studio Solution File, Format Version 12.00
# Visual Studio 15
VisualStudioVersion = 15.0.28307.489
MinimumVisualStudioVersion = 10.0.40219.1
Project("{8BC9CEB8-8B4A-11D0-8D11-00A0C91BC942}") = "svceasy", "svceasy\svceasy.vcxproj", "{761AE5A9-8870-4268-B8FA-120D3F62416A}"
EndProject
Global
	GlobalSection(SolutionConfigurationPlatforms) = preSolution
		Debug|x64 = Debug|x64
		Debug|x86 = Debug|x86
		Release|x64 = Release|x64
		Release|x86 = Release|x86
	EndGlobalSection
	GlobalSection(ProjectConfigurationPlatforms) = postSolution
		{761AE5A9-8870-4268-B8FA-120D3F62416A}.Debug|x64.ActiveCfg = Debug|x64
		{761AE5A9-8870-4268-B8FA-120D3F62416A}.Debug|x64.Build.0 = Debug|x64
		{761AE5A9-8870-4268-B8FA-120D3F62416A}.Debug|x86.ActiveCfg = Debug|Win32
		{761AE5A9-8870-4268-B8FA-120D3F62416A}.Debug|x86.Build.0 = Debug|Win32
		{761AE5A9-8870-4268-B8FA-120D3F62416A}.Release|x64.ActiveCfg = Release|x64
		{761AE5A9-8870-4268-B8FA-120D3F62416A}.Release|x64.Build.0 = Release|x64
		{761AE5A9-8870-4268-B8FA-120D3F62416A}.Release|x86.ActiveCfg = Release|Win32
		{761AE5A9-8870-4268-B8FA-120D3F62416A}.Release|x86.Build.0 = Release|Win32
	EndGlobalSection
	GlobalSection(SolutionProperties) = preSolution
		HideSolutionNode = FALSE
	EndGlobalSection
	GlobalSection(ExtensibilityGlobals) = postSolution
		SolutionGuid = {E91C6827-6066-4BC4-8D86-3494FD5EFD5D}
	EndGlobalSection
EndGlobal
